// !$*UTF8*$!
{
	archiveVersion = 1;
	classes = {
	};
	objectVersion = 46;
	objects = {

/* Begin PBXBuildFile section */
		B400545D1E79920900582CDE /* main.cpp in Sources */ = {isa = PBXBuildFile; fileRef = B400545C1E79920900582CDE /* main.cpp */; };
		B40054651E7B4E5100582CDE /* KalmanFilter.cpp in Sources */ = {isa = PBXBuildFile; fileRef = B40054641E7B4E5100582CDE /* KalmanFilter.cpp */; };
		B40054691E7B54B900582CDE /* Tracking.cpp in Sources */ = {isa = PBXBuildFile; fileRef = B40054671E7B54B900582CDE /* Tracking.cpp */; };
/* End PBXBuildFile section */

/* Begin PBXCopyFilesBuildPhase section */
		B40054571E79920900582CDE /* CopyFiles */ = {
			isa = PBXCopyFilesBuildPhase;
			buildActionMask = 2147483647;
			dstPath = /usr/share/man/man1/;
			dstSubfolderSpec = 0;
			files = (
			);
			runOnlyForDeploymentPostprocessing = 1;
		};
/* End PBXCopyFilesBuildPhase section */

/* Begin PBXFileReference section */
		B40054591E79920900582CDE /* kalmanFilter */ = {isa = PBXFileReference; explicitFileType = "compiled.mach-o.executable"; includeInIndex = 0; path = kalmanFilter; sourceTree = BUILT_PRODUCTS_DIR; };
		B400545C1E79920900582CDE /* main.cpp */ = {isa = PBXFileReference; lastKnownFileType = sourcecode.cpp.cpp; path = main.cpp; sourceTree = "<group>"; };
		B40054631E7B4A4B00582CDE /* KalmanFilter.h */ = {isa = PBXFileReference; lastKnownFileType = sourcecode.c.h; path = KalmanFilter.h; sourceTree = "<group>"; };
		B40054641E7B4E5100582CDE /* KalmanFilter.cpp */ = {isa = PBXFileReference; fileEncoding = 4; lastKnownFileType = sourcecode.cpp.cpp; path = KalmanFilter.cpp; sourceTree = "<group>"; };
		B40054661E7B52FC00582CDE /* MeasurementPackage.h */ = {isa = PBXFileReference; lastKnownFileType = sourcecode.c.h; path = MeasurementPackage.h; sourceTree = "<group>"; };
		B40054671E7B54B900582CDE /* Tracking.cpp */ = {isa = PBXFileReference; fileEncoding = 4; lastKnownFileType = sourcecode.cpp.cpp; path = Tracking.cpp; sourceTree = "<group>"; };
		B40054681E7B54B900582CDE /* Tracking.hpp */ = {isa = PBXFileReference; fileEncoding = 4; lastKnownFileType = sourcecode.cpp.h; path = Tracking.hpp; sourceTree = "<group>"; };
		B400546A1E7B618C00582CDE /* obj_pose-laser-radar-synthetic-input.txt */ = {isa = PBXFileReference; fileEncoding = 4; lastKnownFileType = text; name = "obj_pose-laser-radar-synthetic-input.txt"; path = "EKF_DATA/obj_pose-laser-radar-synthetic-input.txt"; sourceTree = "<group>"; };
/* End PBXFileReference section */

/* Begin PBXFrameworksBuildPhase section */
		B40054561E79920900582CDE /* Frameworks */ = {
			isa = PBXFrameworksBuildPhase;
			buildActionMask = 2147483647;
			files = (
			);
			runOnlyForDeploymentPostprocessing = 0;
		};
/* End PBXFrameworksBuildPhase section */

/* Begin PBXGroup section */
		B40054501E79920900582CDE = {
			isa = PBXGroup;
			children = (
				B400546A1E7B618C00582CDE /* obj_pose-laser-radar-synthetic-input.txt */,
				B400545B1E79920900582CDE /* kalmanFilter */,
				B400545A1E79920900582CDE /* Products */,
			);
			sourceTree = "<group>";
		};
		B400545A1E79920900582CDE /* Products */ = {
			isa = PBXGroup;
			children = (
				B40054591E79920900582CDE /* kalmanFilter */,
			);
			name = Products;
			sourceTree = "<group>";
		};
		B400545B1E79920900582CDE /* kalmanFilter */ = {
			isa = PBXGroup;
			children = (
				B400545C1E79920900582CDE /* main.cpp */,
				B40054631E7B4A4B00582CDE /* KalmanFilter.h */,
				B40054641E7B4E5100582CDE /* KalmanFilter.cpp */,
				B40054661E7B52FC00582CDE /* MeasurementPackage.h */,
				B40054671E7B54B900582CDE /* Tracking.cpp */,
				B40054681E7B54B900582CDE /* Tracking.hpp */,
			);
			path = kalmanFilter;
			sourceTree = "<group>";
		};
/* End PBXGroup section */

/* Begin PBXNativeTarget section */
		B40054581E79920900582CDE /* kalmanFilter */ = {
			isa = PBXNativeTarget;
			buildConfigurationList = B40054601E79920900582CDE /* Build configuration list for PBXNativeTarget "kalmanFilter" */;
			buildPhases = (
				B40054551E79920900582CDE /* Sources */,
				B40054561E79920900582CDE /* Frameworks */,
				B40054571E79920900582CDE /* CopyFiles */,
			);
			buildRules = (
			);
			dependencies = (
			);
			name = kalmanFilter;
			productName = kalmanFilter;
			productReference = B40054591E79920900582CDE /* kalmanFilter */;
			productType = "com.apple.product-type.tool";
		};
/* End PBXNativeTarget section */

/* Begin PBXProject section */
		B40054511E79920900582CDE /* Project object */ = {
			isa = PBXProject;
			attributes = {
				LastUpgradeCheck = 0820;
				ORGANIZATIONNAME = "Ramiz Raja";
				TargetAttributes = {
					B40054581E79920900582CDE = {
						CreatedOnToolsVersion = 8.2.1;
						ProvisioningStyle = Automatic;
					};
				};
			};
			buildConfigurationList = B40054541E79920900582CDE /* Build configuration list for PBXProject "kalmanFilter" */;
			compatibilityVersion = "Xcode 3.2";
			developmentRegion = English;
			hasScannedForEncodings = 0;
			knownRegions = (
				en,
			);
			mainGroup = B40054501E79920900582CDE;
			productRefGroup = B400545A1E79920900582CDE /* Products */;
			projectDirPath = "";
			projectRoot = "";
			targets = (
				B40054581E79920900582CDE /* kalmanFilter */,
			);
		};
/* End PBXProject section */

/* Begin PBXSourcesBuildPhase section */
		B40054551E79920900582CDE /* Sources */ = {
			isa = PBXSourcesBuildPhase;
			buildActionMask = 2147483647;
			files = (
				B400545D1E79920900582CDE /* main.cpp in Sources */,
				B40054691E7B54B900582CDE /* Tracking.cpp in Sources */,
				B40054651E7B4E5100582CDE /* KalmanFilter.cpp in Sources */,
			);
			runOnlyForDeploymentPostprocessing = 0;
		};
/* End PBXSourcesBuildPhase section */

/* Begin XCBuildConfiguration section */
		B400545E1E79920900582CDE /* Debug */ = {
			isa = XCBuildConfiguration;
			buildSettings = {
				ALWAYS_SEARCH_USER_PATHS = NO;
				CLANG_ANALYZER_NONNULL = YES;
				CLANG_CXX_LANGUAGE_STANDARD = "gnu++0x";
				CLANG_CXX_LIBRARY = "libc++";
				CLANG_ENABLE_MODULES = YES;
				CLANG_ENABLE_OBJC_ARC = YES;
				CLANG_WARN_BOOL_CONVERSION = YES;
				CLANG_WARN_CONSTANT_CONVERSION = YES;
				CLANG_WARN_DIRECT_OBJC_ISA_USAGE = YES_ERROR;
				CLANG_WARN_DOCUMENTATION_COMMENTS = YES;
				CLANG_WARN_EMPTY_BODY = YES;
				CLANG_WARN_ENUM_CONVERSION = YES;
				CLANG_WARN_INFINITE_RECURSION = YES;
				CLANG_WARN_INT_CONVERSION = YES;
				CLANG_WARN_OBJC_ROOT_CLASS = YES_ERROR;
				CLANG_WARN_SUSPICIOUS_MOVE = YES;
				CLANG_WARN_UNREACHABLE_CODE = YES;
				CLANG_WARN__DUPLICATE_METHOD_MATCH = YES;
				CODE_SIGN_IDENTITY = "-";
				COPY_PHASE_STRIP = NO;
				DEBUG_INFORMATION_FORMAT = dwarf;
				ENABLE_STRICT_OBJC_MSGSEND = YES;
				ENABLE_TESTABILITY = YES;
				GCC_C_LANGUAGE_STANDARD = gnu99;
				GCC_DYNAMIC_NO_PIC = NO;
				GCC_NO_COMMON_BLOCKS = YES;
				GCC_OPTIMIZATION_LEVEL = 0;
				GCC_PREPROCESSOR_DEFINITIONS = (
					"DEBUG=1",
					"$(inherited)",
				);
				GCC_WARN_64_TO_32_BIT_CONVERSION = YES;
				GCC_WARN_ABOUT_RETURN_TYPE = YES_ERROR;
				GCC_WARN_UNDECLARED_SELECTOR = YES;
				GCC_WARN_UNINITIALIZED_AUTOS = YES_AGGRESSIVE;
				GCC_WARN_UNUSED_FUNCTION = YES;
				GCC_WARN_UNUSED_VARIABLE = YES;
				MACOSX_DEPLOYMENT_TARGET = 10.12;
				MTL_ENABLE_DEBUG_INFO = YES;
				ONLY_ACTIVE_ARCH = YES;
				SDKROOT = macosx;
			};
			name = Debug;
		};
		B400545F1E79920900582CDE /* Release */ = {
			isa = XCBuildConfiguration;
			buildSettings = {
				ALWAYS_SEARCH_USER_PATHS = NO;
				CLANG_ANALYZER_NONNULL = YES;
				CLANG_CXX_LANGUAGE_STANDARD = "gnu++0x";
				CLANG_CXX_LIBRARY = "libc++";
				CLANG_ENABLE_MODULES = YES;
				CLANG_ENABLE_OBJC_ARC = YES;
				CLANG_WARN_BOOL_CONVERSION = YES;
				CLANG_WARN_CONSTANT_CONVERSION = YES;
				CLANG_WARN_DIRECT_OBJC_ISA_USAGE = YES_ERROR;
				CLANG_WARN_DOCUMENTATION_COMMENTS = YES;
				CLANG_WARN_EMPTY_BODY = YES;
				CLANG_WARN_ENUM_CONVERSION = YES;
				CLANG_WARN_INFINITE_RECURSION = YES;
				CLANG_WARN_INT_CONVERSION = YES;
				CLANG_WARN_OBJC_ROOT_CLASS = YES_ERROR;
				CLANG_WARN_SUSPICIOUS_MOVE = YES;
				CLANG_WARN_UNREACHABLE_CODE = YES;
				CLANG_WARN__DUPLICATE_METHOD_MATCH = YES;
				CODE_SIGN_IDENTITY = "-";
				COPY_PHASE_STRIP = NO;
				DEBUG_INFORMATION_FORMAT = "dwarf-with-dsym";
				ENABLE_NS_ASSERTIONS = NO;
				ENABLE_STRICT_OBJC_MSGSEND = YES;
				GCC_C_LANGUAGE_STANDARD = gnu99;
				GCC_NO_COMMON_BLOCKS = YES;
				GCC_WARN_64_TO_32_BIT_CONVERSION = YES;
				GCC_WARN_ABOUT_RETURN_TYPE = YES_ERROR;
				GCC_WARN_UNDECLARED_SELECTOR = YES;
				GCC_WARN_UNINITIALIZED_AUTOS = YES_AGGRESSIVE;
				GCC_WARN_UNUSED_FUNCTION = YES;
				GCC_WARN_UNUSED_VARIABLE = YES;
				MACOSX_DEPLOYMENT_TARGET = 10.12;
				MTL_ENABLE_DEBUG_INFO = NO;
				SDKROOT = macosx;
			};
			name = Release;
		};
		B40054611E79920900582CDE /* Debug */ = {
			isa = XCBuildConfiguration;
			buildSettings = {
				PRODUCT_NAME = "$(TARGET_NAME)";
			};
			name = Debug;
		};
		B40054621E79920900582CDE /* Release */ = {
			isa = XCBuildConfiguration;
			buildSettings = {
				PRODUCT_NAME = "$(TARGET_NAME)";
			};
			name = Release;
		};
/* End XCBuildConfiguration section */

/* Begin XCConfigurationList section */
		B40054541E79920900582CDE /* Build configuration list for PBXProject "kalmanFilter" */ = {
			isa = XCConfigurationList;
			buildConfigurations = (
				B400545E1E79920900582CDE /* Debug */,
				B400545F1E79920900582CDE /* Release */,
			);
			defaultConfigurationIsVisible = 0;
			defaultConfigurationName = Release;
		};
		B40054601E79920900582CDE /* Build configuration list for PBXNativeTarget "kalmanFilter" */ = {
			isa = XCConfigurationList;
			buildConfigurations = (
				B40054611E79920900582CDE /* Debug */,
				B40054621E79920900582CDE /* Release */,
			);
			defaultConfigurationIsVisible = 0;
		};
/* End XCConfigurationList section */
	};
	rootObject = B40054511E79920900582CDE /* Project object */;
}
